
Microsoft Visual Studio Solution File, Format Version 12.00
# Visual Studio Version 16
VisualStudioVersion = 16.0.32901.82
MinimumVisualStudioVersion = 10.0.40219.1
Project("{9A19103F-16F7-4668-BE54-9A1E7A4F7556}") = "DataAccess", "DataAccess\DataAccess.csproj", "{0FA18565-1565-480C-8EE0-84A8066B81DE}"
EndProject
Project("{9A19103F-16F7-4668-BE54-9A1E7A4F7556}") = "Business", "Business\Business.csproj", "{154787CF-39BB-4256-86F8-86FBB0644C9B}"
EndProject
Project("{9A19103F-16F7-4668-BE54-9A1E7A4F7556}") = "Entities", "Entities\Entities.csproj", "{42246432-3F68-4675-B5B5-DC5D50C61BC1}"
EndProject
Project("{9A19103F-16F7-4668-BE54-9A1E7A4F7556}") = "ConsoleUI", "ConsoleUI\ConsoleUI.csproj", "{62BF62B5-7C89-46BA-8829-F6C814BC4DB7}"
EndProject
Project("{FAE04EC0-301F-11D3-BF4B-00C04F79EFBC}") = "Core", "Core\Core.csproj", "{47499D50-C50E-4EAB-882A-131B6EC1A092}"
EndProject
Global
	GlobalSection(SolutionConfigurationPlatforms) = preSolution
		Debug|Any CPU = Debug|Any CPU
		Release|Any CPU = Release|Any CPU
	EndGlobalSection
	GlobalSection(ProjectConfigurationPlatforms) = postSolution
		{0FA18565-1565-480C-8EE0-84A8066B81DE}.Debug|Any CPU.ActiveCfg = Debug|Any CPU
		{0FA18565-1565-480C-8EE0-84A8066B81DE}.Debug|Any CPU.Build.0 = Debug|Any CPU
		{0FA18565-1565-480C-8EE0-84A8066B81DE}.Release|Any CPU.ActiveCfg = Release|Any CPU
		{0FA18565-1565-480C-8EE0-84A8066B81DE}.Release|Any CPU.Build.0 = Release|Any CPU
		{154787CF-39BB-4256-86F8-86FBB0644C9B}.Debug|Any CPU.ActiveCfg = Debug|Any CPU
		{154787CF-39BB-4256-86F8-86FBB0644C9B}.Debug|Any CPU.Build.0 = Debug|Any CPU
		{154787CF-39BB-4256-86F8-86FBB0644C9B}.Release|Any CPU.ActiveCfg = Release|Any CPU
		{154787CF-39BB-4256-86F8-86FBB0644C9B}.Release|Any CPU.Build.0 = Release|Any CPU
		{42246432-3F68-4675-B5B5-DC5D50C61BC1}.Debug|Any CPU.ActiveCfg = Debug|Any CPU
		{42246432-3F68-4675-B5B5-DC5D50C61BC1}.Debug|Any CPU.Build.0 = Debug|Any CPU
		{42246432-3F68-4675-B5B5-DC5D50C61BC1}.Release|Any CPU.ActiveCfg = Release|Any CPU
		{42246432-3F68-4675-B5B5-DC5D50C61BC1}.Release|Any CPU.Build.0 = Release|Any CPU
		{62BF62B5-7C89-46BA-8829-F6C814BC4DB7}.Debug|Any CPU.ActiveCfg = Debug|Any CPU
		{62BF62B5-7C89-46BA-8829-F6C814BC4DB7}.Debug|Any CPU.Build.0 = Debug|Any CPU
		{62BF62B5-7C89-46BA-8829-F6C814BC4DB7}.Release|Any CPU.ActiveCfg = Release|Any CPU
		{62BF62B5-7C89-46BA-8829-F6C814BC4DB7}.Release|Any CPU.Build.0 = Release|Any CPU
		{47499D50-C50E-4EAB-882A-131B6EC1A092}.Debug|Any CPU.ActiveCfg = Debug|Any CPU
		{47499D50-C50E-4EAB-882A-131B6EC1A092}.Debug|Any CPU.Build.0 = Debug|Any CPU
		{47499D50-C50E-4EAB-882A-131B6EC1A092}.Release|Any CPU.ActiveCfg = Release|Any CPU
		{47499D50-C50E-4EAB-882A-131B6EC1A092}.Release|Any CPU.Build.0 = Release|Any CPU
	EndGlobalSection
	GlobalSection(SolutionProperties) = preSolution
		HideSolutionNode = FALSE
	EndGlobalSection
	GlobalSection(ExtensibilityGlobals) = postSolution
		SolutionGuid = {B68F7757-79CE-40C3-94E0-18612F81A0BD}
	EndGlobalSection
EndGlobal
